
Microsoft Visual Studio Solution File, Format Version 12.00
# Visual Studio Version 17
VisualStudioVersion = 17.9.34728.123
MinimumVisualStudioVersion = 10.0.40219.1
Project("{9A19103F-16F7-4668-BE54-9A1E7A4F7556}") = "Identity.WebApi", "Identity.WebApi\Identity.WebApi.csproj", "{4EA0E1D9-5308-407A-B20E-C980DC2DEBA9}"
EndProject
Project("{E53339B2-1760-4266-BCC7-CA923CBCF16C}") = "docker-compose", "docker-compose.dcproj", "{1C5BA145-E8E4-473A-B033-3BFEE6B95379}"
EndProject
Global
	GlobalSection(SolutionConfigurationPlatforms) = preSolution
		Debug|Any CPU = Debug|Any CPU
		Release|Any CPU = Release|Any CPU
	EndGlobalSection
	GlobalSection(ProjectConfigurationPlatforms) = postSolution
		{4EA0E1D9-5308-407A-B20E-C980DC2DEBA9}.Debug|Any CPU.ActiveCfg = Debug|Any CPU
		{4EA0E1D9-5308-407A-B20E-C980DC2DEBA9}.Debug|Any CPU.Build.0 = Debug|Any CPU
		{4EA0E1D9-5308-407A-B20E-C980DC2DEBA9}.Release|Any CPU.ActiveCfg = Release|Any CPU
		{4EA0E1D9-5308-407A-B20E-C980DC2DEBA9}.Release|Any CPU.Build.0 = Release|Any CPU
		{1C5BA145-E8E4-473A-B033-3BFEE6B95379}.Debug|Any CPU.ActiveCfg = Debug|Any CPU
		{1C5BA145-E8E4-473A-B033-3BFEE6B95379}.Debug|Any CPU.Build.0 = Debug|Any CPU
		{1C5BA145-E8E4-473A-B033-3BFEE6B95379}.Release|Any CPU.ActiveCfg = Release|Any CPU
		{1C5BA145-E8E4-473A-B033-3BFEE6B95379}.Release|Any CPU.Build.0 = Release|Any CPU
	EndGlobalSection
	GlobalSection(SolutionProperties) = preSolution
		HideSolutionNode = FALSE
	EndGlobalSection
	GlobalSection(ExtensibilityGlobals) = postSolution
		SolutionGuid = {9B2B46CF-3A8A-4DB7-A9EF-26C5755D00B6}
	EndGlobalSection
EndGlobal
